
Microsoft Visual Studio Solution File, Format Version 12.00
# Visual Studio Version 17
VisualStudioVersion = 17.11.35327.3
MinimumVisualStudioVersion = 10.0.40219.1
Project("{FAE04EC0-301F-11D3-BF4B-00C04F79EFBC}") = "LS.ZhuqueDan", "LS.ZhuqueDan.csproj", "{F2AF1A3B-049B-4D01-852B-668764BBBEDF}"
EndProject
Global
	GlobalSection(SolutionConfigurationPlatforms) = preSolution
		Debug|Any CPU = Debug|Any CPU
		Release|Any CPU = Release|Any CPU
	EndGlobalSection
	GlobalSection(ProjectConfigurationPlatforms) = postSolution
		{F2AF1A3B-049B-4D01-852B-668764BBBEDF}.Debug|Any CPU.ActiveCfg = Debug|Any CPU
		{F2AF1A3B-049B-4D01-852B-668764BBBEDF}.Debug|Any CPU.Build.0 = Debug|Any CPU
		{F2AF1A3B-049B-4D01-852B-668764BBBEDF}.Release|Any CPU.ActiveCfg = Release|Any CPU
		{F2AF1A3B-049B-4D01-852B-668764BBBEDF}.Release|Any CPU.Build.0 = Release|Any CPU
	EndGlobalSection
	GlobalSection(SolutionProperties) = preSolution
		HideSolutionNode = FALSE
	EndGlobalSection
	GlobalSection(ExtensibilityGlobals) = postSolution
		SolutionGuid = {908CB26A-6C07-4441-B0B7-5FCDB6E3FB61}
	EndGlobalSection
EndGlobal
